
Microsoft Visual Studio Solution File, Format Version 12.00
# Visual Studio Version 17
VisualStudioVersion = 17.13.35828.75 d17.13
MinimumVisualStudioVersion = 10.0.40219.1
Project("{FAE04EC0-301F-11D3-BF4B-00C04F79EFBC}") = "QL_KhoNotThat", "QL_KhoNotThat.csproj", "{2CDB05BC-9E73-41B7-8785-3452812128F5}"
EndProject
Global
	GlobalSection(SolutionConfigurationPlatforms) = preSolution
		Debug|Any CPU = Debug|Any CPU
		Release|Any CPU = Release|Any CPU
	EndGlobalSection
	GlobalSection(ProjectConfigurationPlatforms) = postSolution
		{2CDB05BC-9E73-41B7-8785-3452812128F5}.Debug|Any CPU.ActiveCfg = Debug|Any CPU
		{2CDB05BC-9E73-41B7-8785-3452812128F5}.Debug|Any CPU.Build.0 = Debug|Any CPU
		{2CDB05BC-9E73-41B7-8785-3452812128F5}.Release|Any CPU.ActiveCfg = Release|Any CPU
		{2CDB05BC-9E73-41B7-8785-3452812128F5}.Release|Any CPU.Build.0 = Release|Any CPU
	EndGlobalSection
	GlobalSection(SolutionProperties) = preSolution
		HideSolutionNode = FALSE
	EndGlobalSection
	GlobalSection(ExtensibilityGlobals) = postSolution
		SolutionGuid = {754E3932-9C1B-4795-A736-BE03D9C6AAAC}
	EndGlobalSection
EndGlobal
